
Microsoft Visual Studio Solution File, Format Version 12.00
# Visual Studio Version 16
VisualStudioVersion = 16.0.32228.343
MinimumVisualStudioVersion = 10.0.40219.1
Project("{FAE04EC0-301F-11D3-BF4B-00C04F79EFBC}") = "HeroCoMVVM", "HeroCoMVVM\HeroCoMVVM.csproj", "{A3095732-0435-484D-BBD7-58AA2A0754BC}"
EndProject
Global
	GlobalSection(SolutionConfigurationPlatforms) = preSolution
		Debug|Any CPU = Debug|Any CPU
		Release|Any CPU = Release|Any CPU
	EndGlobalSection
	GlobalSection(ProjectConfigurationPlatforms) = postSolution
		{A3095732-0435-484D-BBD7-58AA2A0754BC}.Debug|Any CPU.ActiveCfg = Debug|Any CPU
		{A3095732-0435-484D-BBD7-58AA2A0754BC}.Debug|Any CPU.Build.0 = Debug|Any CPU
		{A3095732-0435-484D-BBD7-58AA2A0754BC}.Release|Any CPU.ActiveCfg = Release|Any CPU
		{A3095732-0435-484D-BBD7-58AA2A0754BC}.Release|Any CPU.Build.0 = Release|Any CPU
	EndGlobalSection
	GlobalSection(SolutionProperties) = preSolution
		HideSolutionNode = FALSE
	EndGlobalSection
	GlobalSection(ExtensibilityGlobals) = postSolution
		SolutionGuid = {E890AA18-85DE-4F74-BBC2-DE5A51BEAF0A}
	EndGlobalSection
EndGlobal
